lockfileVersion: '9.0'

settings:
  autoInstallPeers: true
  excludeLinksFromLockfile: false

importers:

  .:
    dependencies:
      '@mantine/core':
        specifier: ^9.4.0
        version: 9.4.0(@mantine/hooks@9.4.0(react@19.2.7))(@types/react@19.2.17)(react-dom@19.2.7(react@19.2.7))(react@19.2.7)
      '@mantine/hooks':
        specifier: ^9.4.0
        version: 9.4.0(react@19.2.7)
      '@tanstack/react-query':
        specifier: ^5.101.1
        version: 5.101.1(react@19.2.7)
      react:
        specifier: ^19.2.7
        version: 19.2.7
      react-dom:
        specifier: ^19.2.7
        version: 19.2.7(react@19.2.7)
    devDependencies:
      '@biomejs/biome':
        specifier: ^2.5.1
        version: 2.5.1
      '@types/node':
        specifier: ^26.0.1
        version: 26.0.1
      '@types/react':
        specifier: ^19.2.17
        version: 19.2.17
      '@types/react-dom':
        specifier: ^19.2.3
        version: 19.2.3(@types/react@19.2.17)
      '@vitejs/plugin-react':
        specifier: ^6.0.3
        version: 6.0.3(vite@8.1.0(@types/node@26.0.1)(sugarss@5.0.1(postcss@8.5.15)))
      postcss:
        specifier: ^8.5.15
        version: 8.5.15
      postcss-preset-mantine:
        specifier: ^1.18.0
        version: 1.18.0(postcss@8.5.15)
      postcss-simple-vars:
        specifier: ^7.0.1
        version: 7.0.1(postcss@8.5.15)
      typescript:
        specifier: 7.0.1-rc
        version: 7.0.1-rc
      vite:
        specifier: ^8.1.0
        version: 8.1.0(@types/node@26.0.1)(sugarss@5.0.1(postcss@8.5.15))

packages:

  '@biomejs/biome@2.5.1':
    resolution: {integrity: sha512-IXWLCxKmae+rI7LOHS1B3EbVisQ6GRAWbhN9msa6KjNCyFWrvKZWR4oUdinaNssrV852OrSHuSPa95h1GPJc7Q==}
    engines: {node: '>=14.21.3'}
    hasBin: true

  '@biomejs/cli-darwin-arm64@2.5.1':
    resolution: {integrity: sha512-npqDzvqv7vFaWRiNN1Te71siRgPaqS9MpqgYCdP/CrUbkJ7ApezaeaKjueKHRN/JH/6lRjJQAHi8acQDCAz22w==}
    engines: {node: '>=14.21.3'}
    cpu: [arm64]
    os: [darwin]

  '@biomejs/cli-darwin-x64@2.5.1':
    resolution: {integrity: sha512-RgwTqPAM8g2tn1j+b5oRjF/DbSBX8a4gwojtuG9XuhfK7GgomvZ9+T+tqjXiVbjLEeGJOoL6VEk8mvRTVeSybw==}
    engines: {node: '>=14.21.3'}
    cpu: [x64]
    os: [darwin]

  '@biomejs/cli-linux-arm64-musl@2.5.1':
    resolution: {integrity: sha512-WMcvMLgByyTqVxGlq918NBBYliq9FRR9GAQVETHb+VjGVqXCZFfHlZHC1FX4ibuYY/Hg6TJE3rHU0xVrdJXNRw==}
    engines: {node: '>=14.21.3'}
    cpu: [arm64]
    os: [linux]

  '@biomejs/cli-linux-arm64@2.5.1':
    resolution: {integrity: sha512-yhV35CzZh38VyMvTEXi3JTjxZBs++oCKK9KG8vB6VI5+uvQvZNR3BFWEKKzuOmx9DJJj7sQpZ4LQJcmbGTs3+Q==}
    engines: {node: '>=14.21.3'}
    cpu: [arm64]
    os: [linux]

  '@biomejs/cli-linux-x64-musl@2.5.1':
    resolution: {integrity: sha512-ANTowtlLmPYm5yeMckWY8Xzb9Ix+JJP3tgHR/n6xRj1VWyIzzWtfRfih9hv9VmClwadpBvZduISZIbBsIlYG3A==}
    engines: {node: '>=14.21.3'}
    cpu: [x64]
    os: [linux]

  '@biomejs/cli-linux-x64@2.5.1':
    resolution: {integrity: sha512-J/7uHSX7NfoYDI7HijAkd8lnQIOrRb2W7j3X+tw4R+N5ExvXGsyXFiGdQcfcxfOmNQmZVSQOCDk757fwpzqQcg==}
    engines: {node: '>=14.21.3'}
    cpu: [x64]
    os: [linux]

  '@biomejs/cli-win32-arm64@2.5.1':
    resolution: {integrity: sha512-zgXnKNgWPC4iPF7Y1lR3STUeCUuZRpD6IiOrC7TZTlh0Lx6FiVUT05myuMQHQ9D+1cc7uyMldi4forE6lp0ivQ==}
    engines: {node: '>=14.21.3'}
    cpu: [arm64]
    os: [win32]

  '@biomejs/cli-win32-x64@2.5.1':
    resolution: {integrity: sha512-6uxpR9hvaglANkZemeSiN/FhYgkGasrEGn267eXIWvjrjJ2LhDlk251IhjVJq6MXzkV2/bcXwLwSroLyPtqRZg==}
    engines: {node: '>=14.21.3'}
    cpu: [x64]
    os: [win32]

  '@emnapi/core@1.11.1':
    resolution: {integrity: sha512-RSvbQmHzdKzNsLYa/wHrbc3KN4sYLKAdPZxqiM2HATqv/SBk2/ENSHpvXGaLOMcsAyz0poEGqkmmKYG3OWiJEQ==}

  '@emnapi/runtime@1.11.1':
    resolution: {integrity: sha512-vgj7R3y3Wgx24IQaGPA/R6YFXLHVMOZ0uVEyIQPaWs+rd1AzfEMXlAC22FYwO1XkKR6NPsq7mUandH8oIRdZFw==}

  '@emnapi/wasi-threads@1.2.2':
    resolution: {integrity: sha512-c95qOXkHdydNKhscBTebqEC1CVAZpyqOfVfBzQ1qgzyl3gfeldUjIggDbIZgDKsHLgnsM+igH7TJ/eAasaVuMA==}

  '@floating-ui/core@1.7.5':
    resolution: {integrity: sha512-1Ih4WTWyw0+lKyFMcBHGbb5U5FtuHJuujoyyr5zTaWS5EYMeT6Jb2AuDeftsCsEuchO+mM2ij5+q9crhydzLhQ==}

  '@floating-ui/dom@1.7.6':
    resolution: {integrity: sha512-9gZSAI5XM36880PPMm//9dfiEngYoC6Am2izES1FF406YFsjvyBMmeJ2g4SAju3xWwtuynNRFL2s9hgxpLI5SQ==}

  '@floating-ui/react-dom@2.1.8':
    resolution: {integrity: sha512-cC52bHwM/n/CxS87FH0yWdngEZrjdtLW/qVruo68qg+prK7ZQ4YGdut2GyDVpoGeAYe/h899rVeOVm6Oi40k2A==}
    peerDependencies:
      react: '>=16.8.0'
      react-dom: '>=16.8.0'

  '@floating-ui/react@0.27.19':
    resolution: {integrity: sha512-31B8h5mm8YxotlE7/AU/PhNAl8eWxAmjL/v2QOxroDNkTFLk3Uu82u63N3b6TXa4EGJeeZLVcd/9AlNlVqzeog==}
    peerDependencies:
      react: '>=17.0.0'
      react-dom: '>=17.0.0'

  '@floating-ui/utils@0.2.11':
    resolution: {integrity: sha512-RiB/yIh78pcIxl6lLMG0CgBXAZ2Y0eVHqMPYugu+9U0AeT6YBeiJpf7lbdJNIugFP5SIjwNRgo4DhR1Qxi26Gg==}

  '@mantine/core@9.4.0':
    resolution: {integrity: sha512-BvTzaJ5Nut4ZiWLCcy1/cRXE8yjCgxsBhyAynY1pEg6XBw/fChEqSgbEB2dybOnkiAxvYt89TrnTrBBo9qJtmg==}
    peerDependencies:
      '@mantine/hooks': 9.4.0
      react: ^19.2.0
      react-dom: ^19.2.0

  '@mantine/hooks@9.4.0':
    resolution: {integrity: sha512-SUkge8KlhyLoSSKhEHERx7jLotNu632kldhQPlLn5kbOuJixoEbU8fKcuwpXSsZTtzRgCCT2IkoN+rORhtZTHg==}
    peerDependencies:
      react: ^19.2.0

  '@napi-rs/wasm-runtime@1.1.6':
    resolution: {integrity: sha512-ZLv/JdUfkvOy9eCnnBaGfiO+XimbjebAeO+MRQqD/B+FR1tnRN0tpKSJHRbE8sFfS6aqsXZ67TQjfwfsxULVbg==}
    peerDependencies:
      '@emnapi/core': ^1.7.1
      '@emnapi/runtime': ^1.7.1

  '@oxc-project/types@0.137.0':
    resolution: {integrity: sha512-WT+Gb24i8hmvo85AIv2oEYouEXkRlKAlT9WaCa3TfLgNCN+GhrJOGZuIlMouAh38Qe4QOx26eUOVsq70qXrywA==}

  '@rolldown/binding-android-arm64@1.1.3':
    resolution: {integrity: sha512-DT6Z3PhvioeHMvxo+xHc3KtqggrI7CCTXCmC2h/5zUlp5jVitv7XEy+9q5/7v8IolhlioawpMo8Kg0EEBy7J0g==}
    engines: {node: ^20.19.0 || >=22.12.0}
    cpu: [arm64]
    os: [android]

  '@rolldown/binding-darwin-arm64@1.1.3':
    resolution: {integrity: sha512-0NwgwsjM7LrsuVnXMK3koTpagBNOhloc/BNjKqZjv4V5zI5r13qx69uVhRx+o5Z0yy4Hzq+lpy7TAgUG/ocvrw==}
    engines: {node: ^20.19.0 || >=22.12.0}
    cpu: [arm64]
    os: [darwin]

  '@rolldown/binding-darwin-x64@1.1.3':
    resolution: {integrity: sha512-YtiBp4disu6V560loT6PjMdiRaWmVvDNrUunAalbiFx2ggeJwxdAsgZMcoGP17uyAsTwAj5V1niksxlHnVQ1Sw==}
    engines: {node: ^20.19.0 || >=22.12.0}
    cpu: [x64]
    os: [darwin]

  '@rolldown/binding-freebsd-x64@1.1.3':
    resolution: {integrity: sha512-yD3EkEdXk2LypPxnf/kSZHirarsI8gcPzc62SukhR9VJTyvV+F9Q/GxWNuCojc7sXyuVC4DxRGhdDK4X8VSsbw==}
    engines: {node: ^20.19.0 || >=22.12.0}
    cpu: [x64]
    os: [freebsd]

  '@rolldown/binding-linux-arm-gnueabihf@1.1.3':
    resolution: {integrity: sha512-c+8vieQbsD7HNAHKIA34w0GJ9FedFFuJGD+7E6vz7Q3uqAIugL5p45fhlsj4UaAsHpcmlqugBWMhA0/j7o0sIg==}
    engines: {node: ^20.19.0 || >=22.12.0}
    cpu: [arm]
    os: [linux]

  '@rolldown/binding-linux-arm64-gnu@1.1.3':
    resolution: {integrity: sha512-50jD0uUwLvur7Zz9LHz17kaAdTPjn5wN93hEgjvmYFRZwiR7ZJYovTd5ipyWJDAnXKvZ+wgc+/Ika6dwSF5OcA==}
    engines: {node: ^20.19.0 || >=22.12.0}
    cpu: [arm64]
    os: [linux]

  '@rolldown/binding-linux-arm64-musl@1.1.3':
    resolution: {integrity: sha512-BO9+oPL8K9poZJBfYPsXNtYjPE5uM3qeehT3aFcW4LITOl+iSqhp0abzjR2nWBUNjIZeKXjAEWBZ64WjNoHd6w==}
    engines: {node: ^20.19.0 || >=22.12.0}
    cpu: [arm64]
    os: [linux]

  '@rolldown/binding-linux-ppc64-gnu@1.1.3':
    resolution: {integrity: sha512-f3VpLB1vQ0Eo6ecr/6cekLnvYMFF4YBFoVGkfkvPLq1bAkbAwHYQPZKoAmG6OJyTcxxoC+AvezGx/S1obNC0Mw==}
    engines: {node: ^20.19.0 || >=22.12.0}
    cpu: [ppc64]
    os: [linux]

  '@rolldown/binding-linux-s390x-gnu@1.1.3':
    resolution: {integrity: sha512-AmurZ26Pqx/RI9N1gzEOCklkKXl927yjfXWUUS0O7Puh8ARM/Ob8qfrD3qnWksScdw6cSrW5PSHE9DyLu7+PtA==}
    engines: {node: ^20.19.0 || >=22.12.0}
    cpu: [s390x]
    os: [linux]

  '@rolldown/binding-linux-x64-gnu@1.1.3':
    resolution: {integrity: sha512-JJpqs8bRGITDOdbkNKnlojzBabbOHrqjSvDr0IVsZObE1lBcPjxItUEY9eWIDbxaJ3cGrXPWGfGkIxFijg/URg==}
    engines: {node: ^20.19.0 || >=22.12.0}
    cpu: [x64]
    os: [linux]

  '@rolldown/binding-linux-x64-musl@1.1.3':
    resolution: {integrity: sha512-rSJcdjPxzA/by/6/rYs+v+bXU7UjvnbUWz8MJb6kh6+knqB1dCrtHg0uu7C/4haqJvqdkYHQ5IGn+tCH9GLW/g==}
    engines: {node: ^20.19.0 || >=22.12.0}
    cpu: [x64]
    os: [linux]

  '@rolldown/binding-openharmony-arm64@1.1.3':
    resolution: {integrity: sha512-hQ3/PYkDJICgevvyNcVrihVeqq7k1Pp3VZ9lY+dauAYUJKO+auqApvANhvR1An9BhmqYKvW2Mu1F9u4DXSMLxQ==}
    engines: {node: ^20.19.0 || >=22.12.0}
    cpu: [arm64]
    os: [openharmony]

  '@rolldown/binding-wasm32-wasi@1.1.3':
    resolution: {integrity: sha512-Elcv/BtML9lXrV6JuKITc/grN2kYV9gjsQpW8Jfw4ioK0TOkjBjye0nnyqQNy9STNaI20lXNaQBRrD5gSgR0Yg==}
    engines: {node: ^20.19.0 || >=22.12.0}
    cpu: [wasm32]

  '@rolldown/binding-win32-arm64-msvc@1.1.3':
    resolution: {integrity: sha512-2DrEfhluH9yhiaFApmsjsjwrSYbNcY1oFTzYSP1a535jDbV98zCFanA/96TBUd0iDFcxGmw9QRExwGCXz3U+/g==}
    engines: {node: ^20.19.0 || >=22.12.0}
    cpu: [arm64]
    os: [win32]

  '@rolldown/binding-win32-x64-msvc@1.1.3':
    resolution: {integrity: sha512-OL4OMk7UPXOeVGGd3qo5zJyPIljf4AFgk5QAkPPS+OoLuOOozhuaQGC18MxVTnw/06q93gShAJzlwnSCY9YtqA==}
    engines: {node: ^20.19.0 || >=22.12.0}
    cpu: [x64]
    os: [win32]

  '@rolldown/pluginutils@1.0.1':
    resolution: {integrity: sha512-2j9bGt5Jh8hj+vPtgzPtl72j0yRxHAyumoo6TNfAjsLB04UtpSvPbPcDcBMxz7n+9CYB0c1GxQFxYRg2jimqGw==}

  '@tanstack/query-core@5.101.1':
    resolution: {integrity: sha512-Y6Y92dkXtNqx67m2pMSxUsA3zOCwv862JexZRP8/EPwvKXMPu9m8rv43spiXWzOUIggQ3SQApttALStzhA8B4g==}

  '@tanstack/react-query@5.101.1':
    resolution: {integrity: sha512-ZnONUuQKJe1bJMStXUL1s5uKN9FcfC28j5cK+iDZcdSHtUv1wtin1cGc/Oewhf2Oc4eKY7lggtpvT/AbMmhHew==}
    peerDependencies:
      react: ^18 || ^19

  '@tybys/wasm-util@0.10.3':
    resolution: {integrity: sha512-F3fo1MYrRJYL3zER0OUOmkutjr1Vp23m7OsSgp7nq4SP6OqX6C/56XFIPAl5bt3zaBRjmW7SGz3u/6LwFpYcOg==}

  '@types/node@26.0.1':
    resolution: {integrity: sha512-fc3KiUoBt6kie0N9bIW3E47vZsuaMf0PM2AaUpLCLT0s/LvX1nxAim6Fc049cNxODPpGm6qRAuUOB86SkRuPQw==}

  '@types/react-dom@19.2.3':
    resolution: {integrity: sha512-jp2L/eY6fn+KgVVQAOqYItbF0VY/YApe5Mz2F0aykSO8gx31bYCZyvSeYxCHKvzHG5eZjc+zyaS5BrBWya2+kQ==}
    peerDependencies:
      '@types/react': ^19.2.0

  '@types/react@19.2.17':
    resolution: {integrity: sha512-MXfmqaVPEVgkBT/aY0aGCkRWWtByiYQXo3xdQ8r5RzuFrPiRn8Gar2tQdXSUQ2GKV3bkXckek89V8wQBY2Q/Aw==}

  '@typescript/typescript-aix-ppc64@7.0.1-rc':
    resolution: {integrity: sha512-oqq2ZfEJ7BQuufcC3QBQndZLPNyamYNHLao8lKRBeeSkZKypBqxPSgkzrcFZtbYcIaBvpiyUnQP9MT7DEYHWbw==}
    engines: {node: '>=16.20.0'}
    cpu: [ppc64]
    os: [aix]

  '@typescript/typescript-darwin-arm64@7.0.1-rc':
    resolution: {integrity: sha512-Slc0yTftT2F/uGDmtPst8ijydneL6uZaLEyr2UjahxZpbhTjHFBJ5agXtVz/TL4A+ldxzjzj+E8QtLZlh/5mXw==}
    engines: {node: '>=16.20.0'}
    cpu: [arm64]
    os: [darwin]

  '@typescript/typescript-darwin-x64@7.0.1-rc':
    resolution: {integrity: sha512-h68iFW/LbA1/BsGgSRGFw981/3s1f/rY27YrmeZNuN+ly7dI+fiDduwT9ZT9866x2onoKNRq7PTyxSKyKDzfAQ==}
    engines: {node: '>=16.20.0'}
    cpu: [x64]
    os: [darwin]

  '@typescript/typescript-freebsd-arm64@7.0.1-rc':
    resolution: {integrity: sha512-DE+ppd8Ix2c6OMuRkKY4PJ4hngMGJ9M95OQUP17p9xL/1IKXof7npIeuusMN/bgL5o5JzMfSGh+N+5scTYRg0Q==}
    engines: {node: '>=16.20.0'}
    cpu: [arm64]
    os: [freebsd]

  '@typescript/typescript-freebsd-x64@7.0.1-rc':
    resolution: {integrity: sha512-ST1ozHMw0u+CLOnWkcTyWDMV4Qn9osZ6fd1V1lnKDM1t0hZIp81mdGpdHxyHJjd7jdGrb6Gb/QXcZ1uqZ0t5zw==}
    engines: {node: '>=16.20.0'}
    cpu: [x64]
    os: [freebsd]

  '@typescript/typescript-linux-arm64@7.0.1-rc':
    resolution: {integrity: sha512-N46pRihK3t5zD5MUtTQcdmQUqr1WI4U2nxno1gLwOtRSsB4krFkRjPHcQNG7h2DtRkX64rQiReX6WKwg2wprMA==}
    engines: {node: '>=16.20.0'}
    cpu: [arm64]
    os: [linux]

  '@typescript/typescript-linux-arm@7.0.1-rc':
    resolution: {integrity: sha512-gHmHwT5Naq5CKM8g9bbaGeEpnwQEvWCLn3fwP4K2m61VQdDKkPk0Dhab/OoZ4LV2SrMddmclYXTzpyg23YGt5g==}
    engines: {node: '>=16.20.0'}
    cpu: [arm]
    os: [linux]

  '@typescript/typescript-linux-loong64@7.0.1-rc':
    resolution: {integrity: sha512-G17Sao312rgiPBTh2F4nOpLpa3CcnBSaNhqNghZk2LNhnsp1RaMO5HMq2me21gqu9xLpc6CIgHtOzU6JBgNlfg==}
    engines: {node: '>=16.20.0'}
    cpu: [loong64]
    os: [linux]

  '@typescript/typescript-linux-mips64el@7.0.1-rc':
    resolution: {integrity: sha512-0FQspOb5UsQ4tQKvWgUO3pS9OIWkP7/8dPRWq+CRazJUeQZ4LBjtYK52jg5iIOrvItrVl2CwvRtrU3/9OihwJg==}
    engines: {node: '>=16.20.0'}
    cpu: [mips64el]
    os: [linux]

  '@typescript/typescript-linux-ppc64@7.0.1-rc':
    resolution: {integrity: sha512-SUmwfVBEv6A2Ld0eWfcvW0FqrgemfQL8jFGOmV1qYxsDqumjE5DekHXqbstgmbE4SHr4rrjHjvmuGCY+kTH/vw==}
    engines: {node: '>=16.20.0'}
    cpu: [ppc64]
    os: [linux]

  '@typescript/typescript-linux-riscv64@7.0.1-rc':
    resolution: {integrity: sha512-rxeqnNnGiYzv/LlPHi/3+4p0ooR1cNJLjRIHXKovtiVmxXGJq6gtw8VSpbHuWPekyFMXgIAoLCZN0SQ51rAALQ==}
    engines: {node: '>=16.20.0'}
    cpu: [riscv64]
    os: [linux]

  '@typescript/typescript-linux-s390x@7.0.1-rc':
    resolution: {integrity: sha512-RYWCHCiPypxajdRHM2CNK/eM22e4Ex5TTjV2pXf7PTtBowGr0xX8i8kIMknyZS0LX2QfleYHouaoMVsFDSle3g==}
    engines: {node: '>=16.20.0'}
    cpu: [s390x]
    os: [linux]

  '@typescript/typescript-linux-x64@7.0.1-rc':
    resolution: {integrity: sha512-PfLJSu0JzroDkqw2m4nqflPEcn8yev0m/vHFQlY9EzHorzjR6QG0wL8AJHvnD1e6h1s76AZngJ5u+z1K/D/HKw==}
    engines: {node: '>=16.20.0'}
    cpu: [x64]
    os: [linux]

  '@typescript/typescript-netbsd-arm64@7.0.1-rc':
    resolution: {integrity: sha512-FfbPxH3dTfp8yVIaNM7bdWTixXuyxpzoemluqcqMROSIz+ImpCG3Q9HO9Ptzp9/giv+P9YYEnCMSXh61migj2w==}
    engines: {node: '>=16.20.0'}
    cpu: [arm64]
    os: [netbsd]

  '@typescript/typescript-netbsd-x64@7.0.1-rc':
    resolution: {integrity: sha512-FzdTfSzhRYb6hlav6K3cI5RVgcvCTvNAu/vc+t7B6AmZkThQ+t/1ntnvT5fnHmY1Az2RIBw7/b+qtCEG61HJTQ==}
    engines: {node: '>=16.20.0'}
    cpu: [x64]
    os: [netbsd]

  '@typescript/typescript-openbsd-arm64@7.0.1-rc':
    resolution: {integrity: sha512-PQGhlxfNig+0YQ9Wwzd0USPBkt6w/ZqkBQWsU7G/0JkTzunJel+jSWwhKw4947pak/m7hGSeYiI04xReDLGZww==}
    engines: {node: '>=16.20.0'}
    cpu: [arm64]
    os: [openbsd]

  '@typescript/typescript-openbsd-x64@7.0.1-rc':
    resolution: {integrity: sha512-WJ7NYgO2mHmLUkI/tZ+hl8lFd26QPJqO8ONOHNuYbdsybLvSB6B6sep222JIVrOfPRDGvFinbGGB+l3m1FWRWA==}
    engines: {node: '>=16.20.0'}
    cpu: [x64]
    os: [openbsd]

  '@typescript/typescript-sunos-x64@7.0.1-rc':
    resolution: {integrity: sha512-UYjDeUxd765V9qcwlUPk4pEXyL0i3G76CJm9baK4i99u1pGO1psf3nXDw4MMmElVOPvGbZag99ZR/O59E2OX6w==}
    engines: {node: '>=16.20.0'}
    cpu: [x64]
    os: [sunos]

  '@typescript/typescript-win32-arm64@7.0.1-rc':
    resolution: {integrity: sha512-KzXzFSXZOm7zvEt2Aw0MsB2LbTL88znAiVqTDNAOHdlEb7brgmUQh/X2wM/8Be+N0fjEqWKl65cBKNwpWEbJiw==}
    engines: {node: '>=16.20.0'}
    cpu: [arm64]
    os: [win32]

  '@typescript/typescript-win32-x64@7.0.1-rc':
    resolution: {integrity: sha512-98R3+OqDr/r0/PLWEoXu88AE0lGVLNd335Ew8ONgzK1JWkNs4ou/5BGt3Or1ij4iXjH+c7PRL+jFjCbtWze+EA==}
    engines: {node: '>=16.20.0'}
    cpu: [x64]
    os: [win32]

  '@vitejs/plugin-react@6.0.3':
    resolution: {integrity: sha512-vmFvco5/QuC2f9Oj+wTk0+9XeDFkHxSamwZKYc7MxYwKICfvUvlMhqKI0VuICPltGqh1neqBKDvO4kes1ya8vg==}
    engines: {node: ^20.19.0 || >=22.12.0}
    peerDependencies:
      '@rolldown/plugin-babel': ^0.1.7 || ^0.2.0
      babel-plugin-react-compiler: ^1.0.0
      vite: ^8.0.0
    peerDependenciesMeta:
      '@rolldown/plugin-babel':
        optional: true
      babel-plugin-react-compiler:
        optional: true

  camelcase-css@2.0.1:
    resolution: {integrity: sha512-QOSvevhslijgYwRx6Rv7zKdMF8lbRmx+uQGx2+vDc+KI/eBnsy9kit5aj23AgGu3pa4t9AgwbnXWqS+iOY+2aA==}
    engines: {node: '>= 6'}

  clsx@2.1.1:
    resolution: {integrity: sha512-eYm0QWBtUrBWZWG0d386OGAw16Z995PiOVo2B7bjWSbHedGl5e0ZWaq65kOGgUSNesEIDkB9ISbTg/JK9dhCZA==}
    engines: {node: '>=6'}

  cssesc@3.0.0:
    resolution: {integrity: sha512-/Tb/JcjK111nNScGob5MNtsntNM1aCNUDipB/TkwZFhyDrrE47SOx/18wF2bbjgc3ZzCSKW1T5nt5EbFoAz/Vg==}
    engines: {node: '>=4'}
    hasBin: true

  csstype@3.2.3:
    resolution: {integrity: sha512-z1HGKcYy2xA8AGQfwrn0PAy+PB7X/GSj3UVJW9qKyn43xWa+gl5nXmU4qqLMRzWVLFC8KusUX8T/0kCiOYpAIQ==}

  detect-libc@2.1.2:
    resolution: {integrity: sha512-Btj2BOOO83o3WyH59e8MgXsxEQVcarkUOpEYrubB0urwnN10yQ364rsiByU11nZlqWYZm05i/of7io4mzihBtQ==}
    engines: {node: '>=8'}

  detect-node-es@1.1.0:
    resolution: {integrity: sha512-ypdmJU/TbBby2Dxibuv7ZLW3Bs1QEmM7nHjEANfohJLvE0XVujisn1qPJcZxg+qDucsr+bP6fLD1rPS3AhJ7EQ==}

  fdir@6.5.0:
    resolution: {integrity: sha512-tIbYtZbucOs0BRGqPJkshJUYdL+SDH7dVM8gjy+ERp3WAUjLEFJE+02kanyHtwjWOnwrKYBiwAmM0p4kLJAnXg==}
    engines: {node: '>=12.0.0'}
    peerDependencies:
      picomatch: ^3 || ^4
    peerDependenciesMeta:
      picomatch:
        optional: true

  fsevents@2.3.3:
    resolution: {integrity: sha512-5xoDfX+fL7faATnagmWPpbFtwh/R77WmMMqqHGS65C3vvB0YHrgF+B1YmZ3441tMj5n63k0212XNoJwzlhffQw==}
    engines: {node: ^8.16.0 || ^10.6.0 || >=11.0.0}
    os: [darwin]

  get-nonce@1.0.1:
    resolution: {integrity: sha512-FJhYRoDaiatfEkUK8HKlicmu/3SGFD51q3itKDGoSTysQJBnfOcxU5GxnhE1E6soB76MbT0MBtnKJuXyAx+96Q==}
    engines: {node: '>=6'}

  lightningcss-android-arm64@1.32.0:
    resolution: {integrity: sha512-YK7/ClTt4kAK0vo6w3X+Pnm0D2cf2vPHbhOXdoNti1Ga0al1P4TBZhwjATvjNwLEBCnKvjJc2jQgHXH0NEwlAg==}
    engines: {node: '>= 12.0.0'}
    cpu: [arm64]
    os: [android]

  lightningcss-darwin-arm64@1.32.0:
    resolution: {integrity: sha512-RzeG9Ju5bag2Bv1/lwlVJvBE3q6TtXskdZLLCyfg5pt+HLz9BqlICO7LZM7VHNTTn/5PRhHFBSjk5lc4cmscPQ==}
    engines: {node: '>= 12.0.0'}
    cpu: [arm64]
    os: [darwin]

  lightningcss-darwin-x64@1.32.0:
    resolution: {integrity: sha512-U+QsBp2m/s2wqpUYT/6wnlagdZbtZdndSmut/NJqlCcMLTWp5muCrID+K5UJ6jqD2BFshejCYXniPDbNh73V8w==}
    engines: {node: '>= 12.0.0'}
    cpu: [x64]
    os: [darwin]

  lightningcss-freebsd-x64@1.32.0:
    resolution: {integrity: sha512-JCTigedEksZk3tHTTthnMdVfGf61Fky8Ji2E4YjUTEQX14xiy/lTzXnu1vwiZe3bYe0q+SpsSH/CTeDXK6WHig==}
    engines: {node: '>= 12.0.0'}
    cpu: [x64]
    os: [freebsd]

  lightningcss-linux-arm-gnueabihf@1.32.0:
    resolution: {integrity: sha512-x6rnnpRa2GL0zQOkt6rts3YDPzduLpWvwAF6EMhXFVZXD4tPrBkEFqzGowzCsIWsPjqSK+tyNEODUBXeeVHSkw==}
    engines: {node: '>= 12.0.0'}
    cpu: [arm]
    os: [linux]

  lightningcss-linux-arm64-gnu@1.32.0:
    resolution: {integrity: sha512-0nnMyoyOLRJXfbMOilaSRcLH3Jw5z9HDNGfT/gwCPgaDjnx0i8w7vBzFLFR1f6CMLKF8gVbebmkUN3fa/kQJpQ==}
    engines: {node: '>= 12.0.0'}
    cpu: [arm64]
    os: [linux]

  lightningcss-linux-arm64-musl@1.32.0:
    resolution: {integrity: sha512-UpQkoenr4UJEzgVIYpI80lDFvRmPVg6oqboNHfoH4CQIfNA+HOrZ7Mo7KZP02dC6LjghPQJeBsvXhJod/wnIBg==}
    engines: {node: '>= 12.0.0'}
    cpu: [arm64]
    os: [linux]

  lightningcss-linux-x64-gnu@1.32.0:
    resolution: {integrity: sha512-V7Qr52IhZmdKPVr+Vtw8o+WLsQJYCTd8loIfpDaMRWGUZfBOYEJeyJIkqGIDMZPwPx24pUMfwSxxI8phr/MbOA==}
    engines: {node: '>= 12.0.0'}
    cpu: [x64]
    os: [linux]

  lightningcss-linux-x64-musl@1.32.0:
    resolution: {integrity: sha512-bYcLp+Vb0awsiXg/80uCRezCYHNg1/l3mt0gzHnWV9XP1W5sKa5/TCdGWaR/zBM2PeF/HbsQv/j2URNOiVuxWg==}
    engines: {node: '>= 12.0.0'}
    cpu: [x64]
    os: [linux]

  lightningcss-win32-arm64-msvc@1.32.0:
    resolution: {integrity: sha512-8SbC8BR40pS6baCM8sbtYDSwEVQd4JlFTOlaD3gWGHfThTcABnNDBda6eTZeqbofalIJhFx0qKzgHJmcPTnGdw==}
    engines: {node: '>= 12.0.0'}
    cpu: [arm64]
    os: [win32]

  lightningcss-win32-x64-msvc@1.32.0:
    resolution: {integrity: sha512-Amq9B/SoZYdDi1kFrojnoqPLxYhQ4Wo5XiL8EVJrVsB8ARoC1PWW6VGtT0WKCemjy8aC+louJnjS7U18x3b06Q==}
    engines: {node: '>= 12.0.0'}
    cpu: [x64]
    os: [win32]

  lightningcss@1.32.0:
    resolution: {integrity: sha512-NXYBzinNrblfraPGyrbPoD19C1h9lfI/1mzgWYvXUTe414Gz/X1FD2XBZSZM7rRTrMA8JL3OtAaGifrIKhQ5yQ==}
    engines: {node: '>= 12.0.0'}

  nanoid@3.3.15:
    resolution: {integrity: sha512-y7Wygv/7mEOvxTuEQDB8StXdMRBWf1kR/tlhAzBRUFkB2jfcLOAxO/SHmOO2zgz1pVgK29/kyupn059/bCHdjA==}
    engines: {node: ^10 || ^12 || ^13.7 || ^14 || >=15.0.1}
    hasBin: true

  picocolors@1.1.1:
    resolution: {integrity: sha512-xceH2snhtb5M9liqDsmEw56le376mTZkEX/jEb/RxNFyegNul7eNslCXP9FDj/Lcu0X8KEyMceP2ntpaHrDEVA==}

  picomatch@4.0.4:
    resolution: {integrity: sha512-QP88BAKvMam/3NxH6vj2o21R6MjxZUAd6nlwAS/pnGvN9IVLocLHxGYIzFhg6fUQ+5th6P4dv4eW9jX3DSIj7A==}
    engines: {node: '>=12'}

  postcss-js@4.1.0:
    resolution: {integrity: sha512-oIAOTqgIo7q2EOwbhb8UalYePMvYoIeRY2YKntdpFQXNosSu3vLrniGgmH9OKs/qAkfoj5oB3le/7mINW1LCfw==}
    engines: {node: ^12 || ^14 || >= 16}
    peerDependencies:
      postcss: ^8.4.21

  postcss-mixins@12.1.2:
    resolution: {integrity: sha512-90pSxmZVfbX9e5xCv7tI5RV1mnjdf16y89CJKbf/hD7GyOz1FCxcYMl8ZYA8Hc56dbApTKKmU9HfvgfWdCxlwg==}
    engines: {node: ^20.0 || ^22.0 || >=24.0}
    peerDependencies:
      postcss: ^8.2.14

  postcss-nested@7.0.2:
    resolution: {integrity: sha512-5osppouFc0VR9/VYzYxO03VaDa3e8F23Kfd6/9qcZTUI8P58GIYlArOET2Wq0ywSl2o2PjELhYOFI4W7l5QHKw==}
    engines: {node: '>=18.0'}
    peerDependencies:
      postcss: ^8.2.14

  postcss-preset-mantine@1.18.0:
    resolution: {integrity: sha512-sP6/s1oC7cOtBdl4mw/IRKmKvYTuzpRrH/vT6v9enMU/EQEQ31eQnHcWtFghOXLH87AAthjL/Q75rLmin1oZoA==}
    peerDependencies:
      postcss: '>=8.0.0'

  postcss-selector-parser@7.1.4:
    resolution: {integrity: sha512-HeP7D2wyhkR+XaK6v4W8oRF62Dsz4flyuczALJp61GckGm42u1saSSJ/0auvcBqxs3jMRFEcPK34At/0JBKdOg==}
    engines: {node: '>=4'}

  postcss-simple-vars@7.0.1:
    resolution: {integrity: sha512-5GLLXaS8qmzHMOjVxqkk1TZPf1jMqesiI7qLhnlyERalG0sMbHIbJqrcnrpmZdKCLglHnRHoEBB61RtGTsj++A==}
    engines: {node: '>=14.0'}
    peerDependencies:
      postcss: ^8.2.1

  postcss@8.5.15:
    resolution: {integrity: sha512-FfR8sjd4em2T6fb3I2MwAJU7HWVMr9zba+enmQeeWFfCbm+UOC/0X4DS8XtpUTMwWMGbjKYP7xjfNekzyGmB3A==}
    engines: {node: ^10 || ^12 || >=14}

  react-dom@19.2.7:
    resolution: {integrity: sha512-t0BRVXvbiE/o20Hfw669rLbMCDWtYZLvmJigy2f0MxsXF+71pxhR3xOkspmsO8h3ZlNzyibAmtCa3l4lYKk6gQ==}
    peerDependencies:
      react: ^19.2.7

  react-number-format@5.4.5:
    resolution: {integrity: sha512-y8O2yHHj3w0aE9XO8d2BCcUOOdQTRSVq+WIuMlLVucAm5XNjJAy+BoOJiuQMldVYVOKTMyvVNfnbl2Oqp+YxGw==}
    peerDependencies:
      react: ^0.14 || ^15.0.0 || ^16.0.0 || ^17.0.0 || ^18.0.0 || ^19.0.0
      react-dom: ^0.14 || ^15.0.0 || ^16.0.0 || ^17.0.0 || ^18.0.0 || ^19.0.0

  react-remove-scroll-bar@2.3.8:
    resolution: {integrity: sha512-9r+yi9+mgU33AKcj6IbT9oRCO78WriSj6t/cF8DWBZJ9aOGPOTEDvdUDz1FwKim7QXWwmHqtdHnRJfhAxEG46Q==}
    engines: {node: '>=10'}
    peerDependencies:
      '@types/react': '*'
      react: ^16.8.0 || ^17.0.0 || ^18.0.0 || ^19.0.0
    peerDependenciesMeta:
      '@types/react':
        optional: true

  react-remove-scroll@2.7.2:
    resolution: {integrity: sha512-Iqb9NjCCTt6Hf+vOdNIZGdTiH1QSqr27H/Ek9sv/a97gfueI/5h1s3yRi1nngzMUaOOToin5dI1dXKdXiF+u0Q==}
    engines: {node: '>=10'}
    peerDependencies:
      '@types/react': '*'
      react: ^16.8.0 || ^17.0.0 || ^18.0.0 || ^19.0.0 || ^19.0.0-rc
    peerDependenciesMeta:
      '@types/react':
        optional: true

  react-style-singleton@2.2.3:
    resolution: {integrity: sha512-b6jSvxvVnyptAiLjbkWLE/lOnR4lfTtDAl+eUC7RZy+QQWc6wRzIV2CE6xBuMmDxc2qIihtDCZD5NPOFl7fRBQ==}
    engines: {node: '>=10'}
    peerDependencies:
      '@types/react': '*'
      react: ^16.8.0 || ^17.0.0 || ^18.0.0 || ^19.0.0 || ^19.0.0-rc
    peerDependenciesMeta:
      '@types/react':
        optional: true

  react@19.2.7:
    resolution: {integrity: sha512-HNe9WslTbXmFK8o8cmwgAeJFSBvt1bPdHCVKtaaV+WlAN36mpT4hcRpwbf3fY56ar2oIXzsBpOAiIRHAdY0OlQ==}
    engines: {node: '>=0.10.0'}

  rolldown@1.1.3:
    resolution: {integrity: sha512-1F1eEtUBtFvcGm1HQ9TiUIUHPQG7mSAODrhIzjxoUEFuo8OcbrGLiVLkevNgj84TE4lnHvnumwFjhJO5Eu135g==}
    engines: {node: ^20.19.0 || >=22.12.0}
    hasBin: true

  scheduler@0.27.0:
    resolution: {integrity: sha512-eNv+WrVbKu1f3vbYJT/xtiF5syA5HPIMtf9IgY/nKg0sWqzAUEvqY/xm7OcZc/qafLx/iO9FgOmeSAp4v5ti/Q==}

  source-map-js@1.2.1:
    resolution: {integrity: sha512-UXWMKhLOwVKb728IUtQPXxfYU+usdybtUrK/8uGE8CQMvrhOpwvzDBwj0QhSL7MQc7vIsISBG8VQ8+IDQxpfQA==}
    engines: {node: '>=0.10.0'}

  sugarss@5.0.1:
    resolution: {integrity: sha512-ctS5RYCBVvPoZAnzIaX5QSShK8ZiZxD5HUqSxlusvEMC+QZQIPCPOIJg6aceFX+K2rf4+SH89eu++h1Zmsr2nw==}
    engines: {node: '>=18.0'}
    peerDependencies:
      postcss: ^8.3.3

  tabbable@6.5.0:
    resolution: {integrity: sha512-wieBHXygIm7OyQOu5hQlkk62/WyCFYGlWg7L6/ZCUZwx0o398Zkn4pVmMyfYhfMG8kGrj/Krt8eIk6UKC6VzwA==}

  tagged-tag@1.0.0:
    resolution: {integrity: sha512-yEFYrVhod+hdNyx7g5Bnkkb0G6si8HJurOoOEgC8B/O0uXLHlaey/65KRv6cuWBNhBgHKAROVpc7QyYqE5gFng==}
    engines: {node: '>=20'}

  tinyglobby@0.2.17:
    resolution: {integrity: sha512-wXR/dYpcqKmfWpEdZjiKJOwCNFndD0DMnrW/cYjVGttEkBfVgcLFHoNrlj47mjOVic9yyNu65alsgF4NQyTa2g==}
    engines: {node: '>=12.0.0'}

  tslib@2.8.1:
    resolution: {integrity: sha512-oJFu94HQb+KVduSUQL7wnpmqnfmLsOA/nAh6b6EH0wCEoK0/mPeXU6c3wKDV83MkOuHPRHtSXKKU99IBazS/2w==}

  type-fest@5.7.0:
    resolution: {integrity: sha512-1URUxUqfHFM1c+zfSPsa3gnkO7Aq21qyH75SIduNYz4SzY964rn1X2vCMQaHSHhktiw+0kPa2iyb6PUpXqB6Vg==}
    engines: {node: '>=20'}

  typescript@7.0.1-rc:
    resolution: {integrity: sha512-drEP77wK7CCDlPfXZH4e008UUQOsw1DFmHmZOZjuNA+yoDLLnSNMZRXi90NbV/1LVo7SbNLq1bs3jjvk49TEqQ==}
    engines: {node: '>=16.20.0'}
    hasBin: true

  undici-types@8.3.0:
    resolution: {integrity: sha512-j375ScV60dom+YkPFIfTLcOiPxkN/buHz5GobjLhixFuANaNs3C9l4GmrWqejgXWJ7BbJcFYpTEUkS1Ge8bpZQ==}

  use-callback-ref@1.3.3:
    resolution: {integrity: sha512-jQL3lRnocaFtu3V00JToYz/4QkNWswxijDaCVNZRiRTO3HQDLsdu1ZtmIUvV4yPp+rvWm5j0y0TG/S61cuijTg==}
    engines: {node: '>=10'}
    peerDependencies:
      '@types/react': '*'
      react: ^16.8.0 || ^17.0.0 || ^18.0.0 || ^19.0.0 || ^19.0.0-rc
    peerDependenciesMeta:
      '@types/react':
        optional: true

  use-sidecar@1.1.3:
    resolution: {integrity: sha512-Fedw0aZvkhynoPYlA5WXrMCAMm+nSWdZt6lzJQ7Ok8S6Q+VsHmHpRWndVRJ8Be0ZbkfPc5LRYH+5XrzXcEeLRQ==}
    engines: {node: '>=10'}
    peerDependencies:
      '@types/react': '*'
      react: ^16.8.0 || ^17.0.0 || ^18.0.0 || ^19.0.0 || ^19.0.0-rc
    peerDependenciesMeta:
      '@types/react':
        optional: true

  util-deprecate@1.0.2:
    resolution: {integrity: sha512-EPD5q1uXyFxJpCrLnCc1nHnq3gOa6DZBocAIiI2TaSCA7VCJ1UJDMagCzIkXNsUYfD1daK//LTEQ8xiIbrHtcw==}

  vite@8.1.0:
    resolution: {integrity: sha512-BuJcQK/56NQTWDGn4ABea3q4SSBdNPWwNZKTkkUpcMPnLoquSYH8llRtSUIgoL1KSCpHt5eghLShn50mH36y7Q==}
    engines: {node: ^20.19.0 || >=22.12.0}
    hasBin: true
    peerDependencies:
      '@types/node': ^20.19.0 || >=22.12.0
      '@vitejs/devtools': ^0.3.0
      esbuild: ^0.27.0 || ^0.28.0
      jiti: '>=1.21.0'
      less: ^4.0.0
      sass: ^1.70.0
      sass-embedded: ^1.70.0
      stylus: '>=0.54.8'
      sugarss: ^5.0.0
      terser: ^5.16.0
      tsx: ^4.8.1
      yaml: ^2.4.2
    peerDependenciesMeta:
      '@types/node':
        optional: true
      '@vitejs/devtools':
        optional: true
      esbuild:
        optional: true
      jiti:
        optional: true
      less:
        optional: true
      sass:
        optional: true
      sass-embedded:
        optional: true
      stylus:
        optional: true
      sugarss:
        optional: true
      terser:
        optional: true
      tsx:
        optional: true
      yaml:
        optional: true

snapshots:

  '@biomejs/biome@2.5.1':
    optionalDependencies:
      '@biomejs/cli-darwin-arm64': 2.5.1
      '@biomejs/cli-darwin-x64': 2.5.1
      '@biomejs/cli-linux-arm64': 2.5.1
      '@biomejs/cli-linux-arm64-musl': 2.5.1
      '@biomejs/cli-linux-x64': 2.5.1
      '@biomejs/cli-linux-x64-musl': 2.5.1
      '@biomejs/cli-win32-arm64': 2.5.1
      '@biomejs/cli-win32-x64': 2.5.1

  '@biomejs/cli-darwin-arm64@2.5.1':
    optional: true

  '@biomejs/cli-darwin-x64@2.5.1':
    optional: true

  '@biomejs/cli-linux-arm64-musl@2.5.1':
    optional: true

  '@biomejs/cli-linux-arm64@2.5.1':
    optional: true

  '@biomejs/cli-linux-x64-musl@2.5.1':
    optional: true

  '@biomejs/cli-linux-x64@2.5.1':
    optional: true

  '@biomejs/cli-win32-arm64@2.5.1':
    optional: true

  '@biomejs/cli-win32-x64@2.5.1':
    optional: true

  '@emnapi/core@1.11.1':
    dependencies:
      '@emnapi/wasi-threads': 1.2.2
      tslib: 2.8.1
    optional: true

  '@emnapi/runtime@1.11.1':
    dependencies:
      tslib: 2.8.1
    optional: true

  '@emnapi/wasi-threads@1.2.2':
    dependencies:
      tslib: 2.8.1
    optional: true

  '@floating-ui/core@1.7.5':
    dependencies:
      '@floating-ui/utils': 0.2.11

  '@floating-ui/dom@1.7.6':
    dependencies:
      '@floating-ui/core': 1.7.5
      '@floating-ui/utils': 0.2.11

  '@floating-ui/react-dom@2.1.8(react-dom@19.2.7(react@19.2.7))(react@19.2.7)':
    dependencies:
      '@floating-ui/dom': 1.7.6
      react: 19.2.7
      react-dom: 19.2.7(react@19.2.7)

  '@floating-ui/react@0.27.19(react-dom@19.2.7(react@19.2.7))(react@19.2.7)':
    dependencies:
      '@floating-ui/react-dom': 2.1.8(react-dom@19.2.7(react@19.2.7))(react@19.2.7)
      '@floating-ui/utils': 0.2.11
      react: 19.2.7
      react-dom: 19.2.7(react@19.2.7)
      tabbable: 6.5.0

  '@floating-ui/utils@0.2.11': {}

  '@mantine/core@9.4.0(@mantine/hooks@9.4.0(react@19.2.7))(@types/react@19.2.17)(react-dom@19.2.7(react@19.2.7))(react@19.2.7)':
    dependencies:
      '@floating-ui/react': 0.27.19(react-dom@19.2.7(react@19.2.7))(react@19.2.7)
      '@mantine/hooks': 9.4.0(react@19.2.7)
      clsx: 2.1.1
      react: 19.2.7
      react-dom: 19.2.7(react@19.2.7)
      react-number-format: 5.4.5(react-dom@19.2.7(react@19.2.7))(react@19.2.7)
      react-remove-scroll: 2.7.2(@types/react@19.2.17)(react@19.2.7)
      type-fest: 5.7.0
    transitivePeerDependencies:
      - '@types/react'

  '@mantine/hooks@9.4.0(react@19.2.7)':
    dependencies:
      react: 19.2.7

  '@napi-rs/wasm-runtime@1.1.6(@emnapi/core@1.11.1)(@emnapi/runtime@1.11.1)':
    dependencies:
      '@emnapi/core': 1.11.1
      '@emnapi/runtime': 1.11.1
      '@tybys/wasm-util': 0.10.3
    optional: true

  '@oxc-project/types@0.137.0': {}

  '@rolldown/binding-android-arm64@1.1.3':
    optional: true

  '@rolldown/binding-darwin-arm64@1.1.3':
    optional: true

  '@rolldown/binding-darwin-x64@1.1.3':
    optional: true

  '@rolldown/binding-freebsd-x64@1.1.3':
    optional: true

  '@rolldown/binding-linux-arm-gnueabihf@1.1.3':
    optional: true

  '@rolldown/binding-linux-arm64-gnu@1.1.3':
    optional: true

  '@rolldown/binding-linux-arm64-musl@1.1.3':
    optional: true

  '@rolldown/binding-linux-ppc64-gnu@1.1.3':
    optional: true

  '@rolldown/binding-linux-s390x-gnu@1.1.3':
    optional: true

  '@rolldown/binding-linux-x64-gnu@1.1.3':
    optional: true

  '@rolldown/binding-linux-x64-musl@1.1.3':
    optional: true

  '@rolldown/binding-openharmony-arm64@1.1.3':
    optional: true

  '@rolldown/binding-wasm32-wasi@1.1.3':
    dependencies:
      '@emnapi/core': 1.11.1
      '@emnapi/runtime': 1.11.1
      '@napi-rs/wasm-runtime': 1.1.6(@emnapi/core@1.11.1)(@emnapi/runtime@1.11.1)
    optional: true

  '@rolldown/binding-win32-arm64-msvc@1.1.3':
    optional: true

  '@rolldown/binding-win32-x64-msvc@1.1.3':
    optional: true

  '@rolldown/pluginutils@1.0.1': {}

  '@tanstack/query-core@5.101.1': {}

  '@tanstack/react-query@5.101.1(react@19.2.7)':
    dependencies:
      '@tanstack/query-core': 5.101.1
      react: 19.2.7

  '@tybys/wasm-util@0.10.3':
    dependencies:
      tslib: 2.8.1
    optional: true

  '@types/node@26.0.1':
    dependencies:
      undici-types: 8.3.0

  '@types/react-dom@19.2.3(@types/react@19.2.17)':
    dependencies:
      '@types/react': 19.2.17

  '@types/react@19.2.17':
    dependencies:
      csstype: 3.2.3

  '@typescript/typescript-aix-ppc64@7.0.1-rc':
    optional: true

  '@typescript/typescript-darwin-arm64@7.0.1-rc':
    optional: true

  '@typescript/typescript-darwin-x64@7.0.1-rc':
    optional: true

  '@typescript/typescript-freebsd-arm64@7.0.1-rc':
    optional: true

  '@typescript/typescript-freebsd-x64@7.0.1-rc':
    optional: true

  '@typescript/typescript-linux-arm64@7.0.1-rc':
    optional: true

  '@typescript/typescript-linux-arm@7.0.1-rc':
    optional: true

  '@typescript/typescript-linux-loong64@7.0.1-rc':
    optional: true

  '@typescript/typescript-linux-mips64el@7.0.1-rc':
    optional: true

  '@typescript/typescript-linux-ppc64@7.0.1-rc':
    optional: true

  '@typescript/typescript-linux-riscv64@7.0.1-rc':
    optional: true

  '@typescript/typescript-linux-s390x@7.0.1-rc':
    optional: true

  '@typescript/typescript-linux-x64@7.0.1-rc':
    optional: true

  '@typescript/typescript-netbsd-arm64@7.0.1-rc':
    optional: true

  '@typescript/typescript-netbsd-x64@7.0.1-rc':
    optional: true

  '@typescript/typescript-openbsd-arm64@7.0.1-rc':
    optional: true

  '@typescript/typescript-openbsd-x64@7.0.1-rc':
    optional: true

  '@typescript/typescript-sunos-x64@7.0.1-rc':
    optional: true

  '@typescript/typescript-win32-arm64@7.0.1-rc':
    optional: true

  '@typescript/typescript-win32-x64@7.0.1-rc':
    optional: true

  '@vitejs/plugin-react@6.0.3(vite@8.1.0(@types/node@26.0.1)(sugarss@5.0.1(postcss@8.5.15)))':
    dependencies:
      '@rolldown/pluginutils': 1.0.1
      vite: 8.1.0(@types/node@26.0.1)(sugarss@5.0.1(postcss@8.5.15))

  camelcase-css@2.0.1: {}

  clsx@2.1.1: {}

  cssesc@3.0.0: {}

  csstype@3.2.3: {}

  detect-libc@2.1.2: {}

  detect-node-es@1.1.0: {}

  fdir@6.5.0(picomatch@4.0.4):
    optionalDependencies:
      picomatch: 4.0.4

  fsevents@2.3.3:
    optional: true

  get-nonce@1.0.1: {}

  lightningcss-android-arm64@1.32.0:
    optional: true

  lightningcss-darwin-arm64@1.32.0:
    optional: true

  lightningcss-darwin-x64@1.32.0:
    optional: true

  lightningcss-freebsd-x64@1.32.0:
    optional: true

  lightningcss-linux-arm-gnueabihf@1.32.0:
    optional: true

  lightningcss-linux-arm64-gnu@1.32.0:
    optional: true

  lightningcss-linux-arm64-musl@1.32.0:
    optional: true

  lightningcss-linux-x64-gnu@1.32.0:
    optional: true

  lightningcss-linux-x64-musl@1.32.0:
    optional: true

  lightningcss-win32-arm64-msvc@1.32.0:
    optional: true

  lightningcss-win32-x64-msvc@1.32.0:
    optional: true

  lightningcss@1.32.0:
    dependencies:
      detect-libc: 2.1.2
    optionalDependencies:
      lightningcss-android-arm64: 1.32.0
      lightningcss-darwin-arm64: 1.32.0
      lightningcss-darwin-x64: 1.32.0
      lightningcss-freebsd-x64: 1.32.0
      lightningcss-linux-arm-gnueabihf: 1.32.0
      lightningcss-linux-arm64-gnu: 1.32.0
      lightningcss-linux-arm64-musl: 1.32.0
      lightningcss-linux-x64-gnu: 1.32.0
      lightningcss-linux-x64-musl: 1.32.0
      lightningcss-win32-arm64-msvc: 1.32.0
      lightningcss-win32-x64-msvc: 1.32.0

  nanoid@3.3.15: {}

  picocolors@1.1.1: {}

  picomatch@4.0.4: {}

  postcss-js@4.1.0(postcss@8.5.15):
    dependencies:
      camelcase-css: 2.0.1
      postcss: 8.5.15

  postcss-mixins@12.1.2(postcss@8.5.15):
    dependencies:
      postcss: 8.5.15
      postcss-js: 4.1.0(postcss@8.5.15)
      postcss-simple-vars: 7.0.1(postcss@8.5.15)
      sugarss: 5.0.1(postcss@8.5.15)
      tinyglobby: 0.2.17

  postcss-nested@7.0.2(postcss@8.5.15):
    dependencies:
      postcss: 8.5.15
      postcss-selector-parser: 7.1.4

  postcss-preset-mantine@1.18.0(postcss@8.5.15):
    dependencies:
      postcss: 8.5.15
      postcss-mixins: 12.1.2(postcss@8.5.15)
      postcss-nested: 7.0.2(postcss@8.5.15)

  postcss-selector-parser@7.1.4:
    dependencies:
      cssesc: 3.0.0
      util-deprecate: 1.0.2

  postcss-simple-vars@7.0.1(postcss@8.5.15):
    dependencies:
      postcss: 8.5.15

  postcss@8.5.15:
    dependencies:
      nanoid: 3.3.15
      picocolors: 1.1.1
      source-map-js: 1.2.1

  react-dom@19.2.7(react@19.2.7):
    dependencies:
      react: 19.2.7
      scheduler: 0.27.0

  react-number-format@5.4.5(react-dom@19.2.7(react@19.2.7))(react@19.2.7):
    dependencies:
      react: 19.2.7
      react-dom: 19.2.7(react@19.2.7)

  react-remove-scroll-bar@2.3.8(@types/react@19.2.17)(react@19.2.7):
    dependencies:
      react: 19.2.7
      react-style-singleton: 2.2.3(@types/react@19.2.17)(react@19.2.7)
      tslib: 2.8.1
    optionalDependencies:
      '@types/react': 19.2.17

  react-remove-scroll@2.7.2(@types/react@19.2.17)(react@19.2.7):
    dependencies:
      react: 19.2.7
      react-remove-scroll-bar: 2.3.8(@types/react@19.2.17)(react@19.2.7)
      react-style-singleton: 2.2.3(@types/react@19.2.17)(react@19.2.7)
      tslib: 2.8.1
      use-callback-ref: 1.3.3(@types/react@19.2.17)(react@19.2.7)
      use-sidecar: 1.1.3(@types/react@19.2.17)(react@19.2.7)
    optionalDependencies:
      '@types/react': 19.2.17

  react-style-singleton@2.2.3(@types/react@19.2.17)(react@19.2.7):
    dependencies:
      get-nonce: 1.0.1
      react: 19.2.7
      tslib: 2.8.1
    optionalDependencies:
      '@types/react': 19.2.17

  react@19.2.7: {}

  rolldown@1.1.3:
    dependencies:
      '@oxc-project/types': 0.137.0
      '@rolldown/pluginutils': 1.0.1
    optionalDependencies:
      '@rolldown/binding-android-arm64': 1.1.3
      '@rolldown/binding-darwin-arm64': 1.1.3
      '@rolldown/binding-darwin-x64': 1.1.3
      '@rolldown/binding-freebsd-x64': 1.1.3
      '@rolldown/binding-linux-arm-gnueabihf': 1.1.3
      '@rolldown/binding-linux-arm64-gnu': 1.1.3
      '@rolldown/binding-linux-arm64-musl': 1.1.3
      '@rolldown/binding-linux-ppc64-gnu': 1.1.3
      '@rolldown/binding-linux-s390x-gnu': 1.1.3
      '@rolldown/binding-linux-x64-gnu': 1.1.3
      '@rolldown/binding-linux-x64-musl': 1.1.3
      '@rolldown/binding-openharmony-arm64': 1.1.3
      '@rolldown/binding-wasm32-wasi': 1.1.3
      '@rolldown/binding-win32-arm64-msvc': 1.1.3
      '@rolldown/binding-win32-x64-msvc': 1.1.3

  scheduler@0.27.0: {}

  source-map-js@1.2.1: {}

  sugarss@5.0.1(postcss@8.5.15):
    dependencies:
      postcss: 8.5.15

  tabbable@6.5.0: {}

  tagged-tag@1.0.0: {}

  tinyglobby@0.2.17:
    dependencies:
      fdir: 6.5.0(picomatch@4.0.4)
      picomatch: 4.0.4

  tslib@2.8.1: {}

  type-fest@5.7.0:
    dependencies:
      tagged-tag: 1.0.0

  typescript@7.0.1-rc:
    optionalDependencies:
      '@typescript/typescript-aix-ppc64': 7.0.1-rc
      '@typescript/typescript-darwin-arm64': 7.0.1-rc
      '@typescript/typescript-darwin-x64': 7.0.1-rc
      '@typescript/typescript-freebsd-arm64': 7.0.1-rc
      '@typescript/typescript-freebsd-x64': 7.0.1-rc
      '@typescript/typescript-linux-arm': 7.0.1-rc
      '@typescript/typescript-linux-arm64': 7.0.1-rc
      '@typescript/typescript-linux-loong64': 7.0.1-rc
      '@typescript/typescript-linux-mips64el': 7.0.1-rc
      '@typescript/typescript-linux-ppc64': 7.0.1-rc
      '@typescript/typescript-linux-riscv64': 7.0.1-rc
      '@typescript/typescript-linux-s390x': 7.0.1-rc
      '@typescript/typescript-linux-x64': 7.0.1-rc
      '@typescript/typescript-netbsd-arm64': 7.0.1-rc
      '@typescript/typescript-netbsd-x64': 7.0.1-rc
      '@typescript/typescript-openbsd-arm64': 7.0.1-rc
      '@typescript/typescript-openbsd-x64': 7.0.1-rc
      '@typescript/typescript-sunos-x64': 7.0.1-rc
      '@typescript/typescript-win32-arm64': 7.0.1-rc
      '@typescript/typescript-win32-x64': 7.0.1-rc

  undici-types@8.3.0: {}

  use-callback-ref@1.3.3(@types/react@19.2.17)(react@19.2.7):
    dependencies:
      react: 19.2.7
      tslib: 2.8.1
    optionalDependencies:
      '@types/react': 19.2.17

  use-sidecar@1.1.3(@types/react@19.2.17)(react@19.2.7):
    dependencies:
      detect-node-es: 1.1.0
      react: 19.2.7
      tslib: 2.8.1
    optionalDependencies:
      '@types/react': 19.2.17

  util-deprecate@1.0.2: {}

  vite@8.1.0(@types/node@26.0.1)(sugarss@5.0.1(postcss@8.5.15)):
    dependencies:
      lightningcss: 1.32.0
      picomatch: 4.0.4
      postcss: 8.5.15
      rolldown: 1.1.3
      tinyglobby: 0.2.17
    optionalDependencies:
      '@types/node': 26.0.1
      fsevents: 2.3.3
      sugarss: 5.0.1(postcss@8.5.15)
